
Microsoft Visual Studio Solution File, Format Version 12.00
# Visual Studio Version 16
VisualStudioVersion = 16.0.32106.194
MinimumVisualStudioVersion = 10.0.40219.1
Project("{FAE04EC0-301F-11D3-BF4B-00C04F79EFBC}") = "ClassLibrary", "ClassLibrary\ClassLibrary.csproj", "{F51695D4-D1DF-4ADC-A4F7-7BF6AFBF4B98}"
EndProject
Global
	GlobalSection(SolutionConfigurationPlatforms) = preSolution
		Debug|Any CPU = Debug|Any CPU
		Release|Any CPU = Release|Any CPU
	EndGlobalSection
	GlobalSection(ProjectConfigurationPlatforms) = postSolution
		{F51695D4-D1DF-4ADC-A4F7-7BF6AFBF4B98}.Debug|Any CPU.ActiveCfg = Debug|Any CPU
		{F51695D4-D1DF-4ADC-A4F7-7BF6AFBF4B98}.Debug|Any CPU.Build.0 = Debug|Any CPU
		{F51695D4-D1DF-4ADC-A4F7-7BF6AFBF4B98}.Release|Any CPU.ActiveCfg = Release|Any CPU
		{F51695D4-D1DF-4ADC-A4F7-7BF6AFBF4B98}.Release|Any CPU.Build.0 = Release|Any CPU
	EndGlobalSection
	GlobalSection(SolutionProperties) = preSolution
		HideSolutionNode = FALSE
	EndGlobalSection
	GlobalSection(ExtensibilityGlobals) = postSolution
		SolutionGuid = {9B638D75-AD23-4F79-ADB5-74556541D74C}
	EndGlobalSection
EndGlobal
